
Microsoft Visual Studio Solution File, Format Version 12.00
# Visual Studio Version 17
VisualStudioVersion = 17.4.33103.184
MinimumVisualStudioVersion = 10.0.40219.1
Project("{FAE04EC0-301F-11D3-BF4B-00C04F79EFBC}") = "Dmail.Presentation", "Dmail.Presentation\Dmail.Presentation.csproj", "{43F2FEC4-F338-4FE4-8E9C-4ECB476AB349}"
EndProject
Project("{FAE04EC0-301F-11D3-BF4B-00C04F79EFBC}") = "Dmail.Dormain", "Dmail.Dormain\Dmail.Dormain.csproj", "{A8C6587B-2B21-4D68-908A-DF863F4931D6}"
EndProject
Project("{FAE04EC0-301F-11D3-BF4B-00C04F79EFBC}") = "Dmail.Data", "Dmail.Data\Dmail.Data.csproj", "{47FD1EAF-05E2-474B-AA35-7708ADF25952}"
EndProject
Global
	GlobalSection(SolutionConfigurationPlatforms) = preSolution
		Debug|Any CPU = Debug|Any CPU
		Release|Any CPU = Release|Any CPU
	EndGlobalSection
	GlobalSection(ProjectConfigurationPlatforms) = postSolution
		{43F2FEC4-F338-4FE4-8E9C-4ECB476AB349}.Debug|Any CPU.ActiveCfg = Debug|Any CPU
		{43F2FEC4-F338-4FE4-8E9C-4ECB476AB349}.Debug|Any CPU.Build.0 = Debug|Any CPU
		{43F2FEC4-F338-4FE4-8E9C-4ECB476AB349}.Release|Any CPU.ActiveCfg = Release|Any CPU
		{43F2FEC4-F338-4FE4-8E9C-4ECB476AB349}.Release|Any CPU.Build.0 = Release|Any CPU
		{A8C6587B-2B21-4D68-908A-DF863F4931D6}.Debug|Any CPU.ActiveCfg = Debug|Any CPU
		{A8C6587B-2B21-4D68-908A-DF863F4931D6}.Debug|Any CPU.Build.0 = Debug|Any CPU
		{A8C6587B-2B21-4D68-908A-DF863F4931D6}.Release|Any CPU.ActiveCfg = Release|Any CPU
		{A8C6587B-2B21-4D68-908A-DF863F4931D6}.Release|Any CPU.Build.0 = Release|Any CPU
		{47FD1EAF-05E2-474B-AA35-7708ADF25952}.Debug|Any CPU.ActiveCfg = Debug|Any CPU
		{47FD1EAF-05E2-474B-AA35-7708ADF25952}.Debug|Any CPU.Build.0 = Debug|Any CPU
		{47FD1EAF-05E2-474B-AA35-7708ADF25952}.Release|Any CPU.ActiveCfg = Release|Any CPU
		{47FD1EAF-05E2-474B-AA35-7708ADF25952}.Release|Any CPU.Build.0 = Release|Any CPU
	EndGlobalSection
	GlobalSection(SolutionProperties) = preSolution
		HideSolutionNode = FALSE
	EndGlobalSection
	GlobalSection(ExtensibilityGlobals) = postSolution
		SolutionGuid = {126428F6-8353-4A39-B1D1-6B782AE99BEB}
	EndGlobalSection
EndGlobal
